
Microsoft Visual Studio Solution File, Format Version 12.00
# Visual Studio 15
Project("{FAE04EC0-301F-11D3-BF4B-00C04F79EFBC}") = "Programa2_solucion2", "Programa2_solucion2\Programa2_solucion2.csproj", "{AB3D61CC-D17C-4E27-A6EC-9C4EBBD7EF24}"
EndProject
Global
	GlobalSection(SolutionConfigurationPlatforms) = preSolution
		Debug|Any CPU = Debug|Any CPU
		Release|Any CPU = Release|Any CPU
	EndGlobalSection
	GlobalSection(ProjectConfigurationPlatforms) = postSolution
		{AB3D61CC-D17C-4E27-A6EC-9C4EBBD7EF24}.Debug|Any CPU.ActiveCfg = Debug|Any CPU
		{AB3D61CC-D17C-4E27-A6EC-9C4EBBD7EF24}.Debug|Any CPU.Build.0 = Debug|Any CPU
		{AB3D61CC-D17C-4E27-A6EC-9C4EBBD7EF24}.Release|Any CPU.ActiveCfg = Release|Any CPU
		{AB3D61CC-D17C-4E27-A6EC-9C4EBBD7EF24}.Release|Any CPU.Build.0 = Release|Any CPU
	EndGlobalSection
EndGlobal
